
Microsoft Visual Studio Solution File, Format Version 12.00
# Visual Studio Version 16
VisualStudioVersion = 16.0.31205.134
MinimumVisualStudioVersion = 10.0.40219.1
Project("{FAE04EC0-301F-11D3-BF4B-00C04F79EFBC}") = "AOC-2022", "AOC-2022.csproj", "{4200F08B-4C81-4631-9E32-92C730F9A2BB}"
EndProject
Project("{FAE04EC0-301F-11D3-BF4B-00C04F79EFBC}") = "2021-1-Recap", "..\2021-1-Recap\2021-1-Recap.csproj", "{0E0EB5A9-9358-475F-A6F3-687FAEAE4DDC}"
EndProject
Project("{FAE04EC0-301F-11D3-BF4B-00C04F79EFBC}") = "2021-1-Recap-Tests", "..\2021-1-Recap-Tests\2021-1-Recap-Tests.csproj", "{D5324DD8-9822-47F6-B8AC-ABB8F5D20D2B}"
EndProject
Global
	GlobalSection(SolutionConfigurationPlatforms) = preSolution
		Debug|Any CPU = Debug|Any CPU
		Release|Any CPU = Release|Any CPU
	EndGlobalSection
	GlobalSection(ProjectConfigurationPlatforms) = postSolution
		{4200F08B-4C81-4631-9E32-92C730F9A2BB}.Debug|Any CPU.ActiveCfg = Debug|Any CPU
		{4200F08B-4C81-4631-9E32-92C730F9A2BB}.Debug|Any CPU.Build.0 = Debug|Any CPU
		{4200F08B-4C81-4631-9E32-92C730F9A2BB}.Release|Any CPU.ActiveCfg = Release|Any CPU
		{4200F08B-4C81-4631-9E32-92C730F9A2BB}.Release|Any CPU.Build.0 = Release|Any CPU
		{0E0EB5A9-9358-475F-A6F3-687FAEAE4DDC}.Debug|Any CPU.ActiveCfg = Debug|Any CPU
		{0E0EB5A9-9358-475F-A6F3-687FAEAE4DDC}.Debug|Any CPU.Build.0 = Debug|Any CPU
		{0E0EB5A9-9358-475F-A6F3-687FAEAE4DDC}.Release|Any CPU.ActiveCfg = Release|Any CPU
		{0E0EB5A9-9358-475F-A6F3-687FAEAE4DDC}.Release|Any CPU.Build.0 = Release|Any CPU
		{D5324DD8-9822-47F6-B8AC-ABB8F5D20D2B}.Debug|Any CPU.ActiveCfg = Debug|Any CPU
		{D5324DD8-9822-47F6-B8AC-ABB8F5D20D2B}.Debug|Any CPU.Build.0 = Debug|Any CPU
		{D5324DD8-9822-47F6-B8AC-ABB8F5D20D2B}.Release|Any CPU.ActiveCfg = Release|Any CPU
		{D5324DD8-9822-47F6-B8AC-ABB8F5D20D2B}.Release|Any CPU.Build.0 = Release|Any CPU
	EndGlobalSection
	GlobalSection(SolutionProperties) = preSolution
		HideSolutionNode = FALSE
	EndGlobalSection
	GlobalSection(ExtensibilityGlobals) = postSolution
		SolutionGuid = {3B79DD97-9F92-4426-9CEF-A8F403C48197}
	EndGlobalSection
EndGlobal
